{
    "_readme": [
        "This file locks the dependencies of your project to a known state",
        "Read more about it at https://getcomposer.org/doc/01-basic-usage.md#composer-lock-the-lock-file",
        "This file is @generated automatically"
    ],
    "content-hash": "2fdb6d6a3c1dc3655ff274105c5e4b25",
    "packages": [
        {
            "name": "danog/phpstruct",
            "version": "1.2",
            "source": {
                "type": "git",
                "url": "https://github.com/danog/PHPStruct.git",
                "reference": "f050e9bedf2edd6828c4759cc56fd665895a5e90"
            },
            "dist": {
                "type": "zip",
                "url": "https://api.github.com/repos/danog/PHPStruct/zipball/f050e9bedf2edd6828c4759cc56fd665895a5e90",
                "reference": "f050e9bedf2edd6828c4759cc56fd665895a5e90",
                "shasum": ""
            },
            "require": {
                "php": ">=5.6.0"
            },
            "require-dev": {
                "phpunit/phpunit": "5.4.*"
            },
            "type": "library",
            "autoload": {
                "psr-0": {
                    "danog\\PHP\\": "lib/"
                }
            },
            "notification-url": "https://packagist.org/downloads/",
            "license": [
                "MIT"
            ],
            "authors": [
                {
                    "name": "danog",
                    "email": "daniil@daniil.it"
                }
            ],
            "description": "PHP implementation of python's struct module.",
            "homepage": "https://daniil.it/phpstruct",
            "keywords": [
                "binary",
                "byte",
                "bytes",
                "decimal",
                "float",
                "integer",
                "pack",
                "python",
                "string",
                "struct",
                "unpack"
            ],
            "time": "2016-11-14T15:09:50+00:00"
        }
    ],
    "packages-dev": [],
    "aliases": [],
    "minimum-stability": "stable",
    "stability-flags": [],
    "prefer-stable": false,
    "prefer-lowest": false,
    "platform": [],
    "platform-dev": []
}
